
Microsoft Visual Studio Solution File, Format Version 12.00
# Visual Studio Version 16
VisualStudioVersion = 16.0.29102.190
MinimumVisualStudioVersion = 10.0.40219.1
Project("{FAE04EC0-301F-11D3-BF4B-00C04F79EFBC}") = "FirsSteps", "FirsSteps\FirsSteps.csproj", "{6FB680BA-E81F-4561-BA51-CE07ED18F91F}"
EndProject
Global
	GlobalSection(SolutionConfigurationPlatforms) = preSolution
		Debug|Any CPU = Debug|Any CPU
		Release|Any CPU = Release|Any CPU
	EndGlobalSection
	GlobalSection(ProjectConfigurationPlatforms) = postSolution
		{6FB680BA-E81F-4561-BA51-CE07ED18F91F}.Debug|Any CPU.ActiveCfg = Debug|Any CPU
		{6FB680BA-E81F-4561-BA51-CE07ED18F91F}.Debug|Any CPU.Build.0 = Debug|Any CPU
		{6FB680BA-E81F-4561-BA51-CE07ED18F91F}.Release|Any CPU.ActiveCfg = Release|Any CPU
		{6FB680BA-E81F-4561-BA51-CE07ED18F91F}.Release|Any CPU.Build.0 = Release|Any CPU
	EndGlobalSection
	GlobalSection(SolutionProperties) = preSolution
		HideSolutionNode = FALSE
	EndGlobalSection
	GlobalSection(ExtensibilityGlobals) = postSolution
		SolutionGuid = {04CFAD46-93AD-453E-9B19-DD3AB018E0AB}
	EndGlobalSection
EndGlobal
