
Microsoft Visual Studio Solution File, Format Version 12.00
# Visual Studio Version 16
VisualStudioVersion = 16.0.29025.244
MinimumVisualStudioVersion = 10.0.40219.1
Project("{FAE04EC0-301F-11D3-BF4B-00C04F79EFBC}") = "EmpresaDespidos", "EmpresaDespidos\EmpresaDespidos.csproj", "{EB51818C-F095-4638-9D8C-C7FF53416D69}"
EndProject
Global
	GlobalSection(SolutionConfigurationPlatforms) = preSolution
		Debug|Any CPU = Debug|Any CPU
		Release|Any CPU = Release|Any CPU
	EndGlobalSection
	GlobalSection(ProjectConfigurationPlatforms) = postSolution
		{EB51818C-F095-4638-9D8C-C7FF53416D69}.Debug|Any CPU.ActiveCfg = Debug|Any CPU
		{EB51818C-F095-4638-9D8C-C7FF53416D69}.Debug|Any CPU.Build.0 = Debug|Any CPU
		{EB51818C-F095-4638-9D8C-C7FF53416D69}.Release|Any CPU.ActiveCfg = Release|Any CPU
		{EB51818C-F095-4638-9D8C-C7FF53416D69}.Release|Any CPU.Build.0 = Release|Any CPU
	EndGlobalSection
	GlobalSection(SolutionProperties) = preSolution
		HideSolutionNode = FALSE
	EndGlobalSection
	GlobalSection(ExtensibilityGlobals) = postSolution
		SolutionGuid = {53054C26-581D-406B-8380-162BEC80A009}
	EndGlobalSection
EndGlobal
