
Microsoft Visual Studio Solution File, Format Version 12.00
# Visual Studio Version 16
VisualStudioVersion = 16.0.29102.190
MinimumVisualStudioVersion = 10.0.40219.1
Project("{FAE04EC0-301F-11D3-BF4B-00C04F79EFBC}") = "Asincrono", "Asincrono\Asincrono.csproj", "{79C8BBB0-ADAA-42C2-AABC-25FC44DAE0B9}"
EndProject
Global
	GlobalSection(SolutionConfigurationPlatforms) = preSolution
		Debug|Any CPU = Debug|Any CPU
		Release|Any CPU = Release|Any CPU
	EndGlobalSection
	GlobalSection(ProjectConfigurationPlatforms) = postSolution
		{79C8BBB0-ADAA-42C2-AABC-25FC44DAE0B9}.Debug|Any CPU.ActiveCfg = Debug|Any CPU
		{79C8BBB0-ADAA-42C2-AABC-25FC44DAE0B9}.Debug|Any CPU.Build.0 = Debug|Any CPU
		{79C8BBB0-ADAA-42C2-AABC-25FC44DAE0B9}.Release|Any CPU.ActiveCfg = Release|Any CPU
		{79C8BBB0-ADAA-42C2-AABC-25FC44DAE0B9}.Release|Any CPU.Build.0 = Release|Any CPU
	EndGlobalSection
	GlobalSection(SolutionProperties) = preSolution
		HideSolutionNode = FALSE
	EndGlobalSection
	GlobalSection(ExtensibilityGlobals) = postSolution
		SolutionGuid = {68AEF0B1-7194-464C-9D93-1F8346AEFC03}
	EndGlobalSection
EndGlobal
