
Microsoft Visual Studio Solution File, Format Version 12.00
# Visual Studio Version 16
VisualStudioVersion = 16.0.29102.190
MinimumVisualStudioVersion = 10.0.40219.1
Project("{FAE04EC0-301F-11D3-BF4B-00C04F79EFBC}") = "ApiWeb2", "ApiWeb2\ApiWeb2.csproj", "{1DC831D4-084E-44F6-BF7A-8E4B147A95CA}"
EndProject
Global
	GlobalSection(SolutionConfigurationPlatforms) = preSolution
		Debug|Any CPU = Debug|Any CPU
		Release|Any CPU = Release|Any CPU
	EndGlobalSection
	GlobalSection(ProjectConfigurationPlatforms) = postSolution
		{1DC831D4-084E-44F6-BF7A-8E4B147A95CA}.Debug|Any CPU.ActiveCfg = Debug|Any CPU
		{1DC831D4-084E-44F6-BF7A-8E4B147A95CA}.Debug|Any CPU.Build.0 = Debug|Any CPU
		{1DC831D4-084E-44F6-BF7A-8E4B147A95CA}.Release|Any CPU.ActiveCfg = Release|Any CPU
		{1DC831D4-084E-44F6-BF7A-8E4B147A95CA}.Release|Any CPU.Build.0 = Release|Any CPU
	EndGlobalSection
	GlobalSection(SolutionProperties) = preSolution
		HideSolutionNode = FALSE
	EndGlobalSection
	GlobalSection(ExtensibilityGlobals) = postSolution
		SolutionGuid = {2409C59D-31F7-4A6B-A59C-1DBC1CF53472}
	EndGlobalSection
EndGlobal
