
Microsoft Visual Studio Solution File, Format Version 12.00
# Visual Studio Version 16
VisualStudioVersion = 16.0.29102.190
MinimumVisualStudioVersion = 10.0.40219.1
Project("{FAE04EC0-301F-11D3-BF4B-00C04F79EFBC}") = "MVCSinDatos", "MVCSinDatos\MVCSinDatos.csproj", "{9CFE5002-9567-4331-80DF-DAF57AD2AEB3}"
EndProject
Global
	GlobalSection(SolutionConfigurationPlatforms) = preSolution
		Debug|Any CPU = Debug|Any CPU
		Release|Any CPU = Release|Any CPU
	EndGlobalSection
	GlobalSection(ProjectConfigurationPlatforms) = postSolution
		{9CFE5002-9567-4331-80DF-DAF57AD2AEB3}.Debug|Any CPU.ActiveCfg = Debug|Any CPU
		{9CFE5002-9567-4331-80DF-DAF57AD2AEB3}.Debug|Any CPU.Build.0 = Debug|Any CPU
		{9CFE5002-9567-4331-80DF-DAF57AD2AEB3}.Release|Any CPU.ActiveCfg = Release|Any CPU
		{9CFE5002-9567-4331-80DF-DAF57AD2AEB3}.Release|Any CPU.Build.0 = Release|Any CPU
	EndGlobalSection
	GlobalSection(SolutionProperties) = preSolution
		HideSolutionNode = FALSE
	EndGlobalSection
	GlobalSection(ExtensibilityGlobals) = postSolution
		SolutionGuid = {15437117-A109-4DFC-980B-99810C18A1EB}
	EndGlobalSection
EndGlobal
