
Microsoft Visual Studio Solution File, Format Version 12.00
# Visual Studio Version 16
VisualStudioVersion = 16.0.29102.190
MinimumVisualStudioVersion = 10.0.40219.1
Project("{FAE04EC0-301F-11D3-BF4B-00C04F79EFBC}") = "APIWeb", "APIWeb\APIWeb.csproj", "{777F05FF-8772-434B-8261-72607A71D943}"
EndProject
Global
	GlobalSection(SolutionConfigurationPlatforms) = preSolution
		Debug|Any CPU = Debug|Any CPU
		Release|Any CPU = Release|Any CPU
	EndGlobalSection
	GlobalSection(ProjectConfigurationPlatforms) = postSolution
		{777F05FF-8772-434B-8261-72607A71D943}.Debug|Any CPU.ActiveCfg = Debug|Any CPU
		{777F05FF-8772-434B-8261-72607A71D943}.Debug|Any CPU.Build.0 = Debug|Any CPU
		{777F05FF-8772-434B-8261-72607A71D943}.Release|Any CPU.ActiveCfg = Release|Any CPU
		{777F05FF-8772-434B-8261-72607A71D943}.Release|Any CPU.Build.0 = Release|Any CPU
	EndGlobalSection
	GlobalSection(SolutionProperties) = preSolution
		HideSolutionNode = FALSE
	EndGlobalSection
	GlobalSection(ExtensibilityGlobals) = postSolution
		SolutionGuid = {C42FF22F-F2F6-4B20-8F7D-28F0C58D7E85}
	EndGlobalSection
EndGlobal
