
Microsoft Visual Studio Solution File, Format Version 12.00
# Visual Studio Version 16
VisualStudioVersion = 16.0.29102.190
MinimumVisualStudioVersion = 10.0.40219.1
Project("{FAE04EC0-301F-11D3-BF4B-00C04F79EFBC}") = "ModelFirst", "ModelFirst\ModelFirst.csproj", "{0993F53D-4701-4D78-BEE0-DFF644664306}"
EndProject
Global
	GlobalSection(SolutionConfigurationPlatforms) = preSolution
		Debug|Any CPU = Debug|Any CPU
		Release|Any CPU = Release|Any CPU
	EndGlobalSection
	GlobalSection(ProjectConfigurationPlatforms) = postSolution
		{0993F53D-4701-4D78-BEE0-DFF644664306}.Debug|Any CPU.ActiveCfg = Debug|Any CPU
		{0993F53D-4701-4D78-BEE0-DFF644664306}.Debug|Any CPU.Build.0 = Debug|Any CPU
		{0993F53D-4701-4D78-BEE0-DFF644664306}.Release|Any CPU.ActiveCfg = Release|Any CPU
		{0993F53D-4701-4D78-BEE0-DFF644664306}.Release|Any CPU.Build.0 = Release|Any CPU
	EndGlobalSection
	GlobalSection(SolutionProperties) = preSolution
		HideSolutionNode = FALSE
	EndGlobalSection
	GlobalSection(ExtensibilityGlobals) = postSolution
		SolutionGuid = {A65A8BAC-90E7-4EDF-8560-A6BD2BA911E6}
	EndGlobalSection
EndGlobal
