
Microsoft Visual Studio Solution File, Format Version 12.00
# Visual Studio Version 16
VisualStudioVersion = 16.0.29102.190
MinimumVisualStudioVersion = 10.0.40219.1
Project("{FAE04EC0-301F-11D3-BF4B-00C04F79EFBC}") = "Webj2", "Webj2\Webj2.csproj", "{EE158CEB-C969-4A33-8731-64E0DBD2E584}"
EndProject
Global
	GlobalSection(SolutionConfigurationPlatforms) = preSolution
		Debug|Any CPU = Debug|Any CPU
		Release|Any CPU = Release|Any CPU
	EndGlobalSection
	GlobalSection(ProjectConfigurationPlatforms) = postSolution
		{EE158CEB-C969-4A33-8731-64E0DBD2E584}.Debug|Any CPU.ActiveCfg = Debug|Any CPU
		{EE158CEB-C969-4A33-8731-64E0DBD2E584}.Debug|Any CPU.Build.0 = Debug|Any CPU
		{EE158CEB-C969-4A33-8731-64E0DBD2E584}.Release|Any CPU.ActiveCfg = Release|Any CPU
		{EE158CEB-C969-4A33-8731-64E0DBD2E584}.Release|Any CPU.Build.0 = Release|Any CPU
	EndGlobalSection
	GlobalSection(SolutionProperties) = preSolution
		HideSolutionNode = FALSE
	EndGlobalSection
	GlobalSection(ExtensibilityGlobals) = postSolution
		SolutionGuid = {D0C20E8B-CEB7-42BA-B74A-1211E60BD940}
	EndGlobalSection
EndGlobal
