
Microsoft Visual Studio Solution File, Format Version 12.00
# Visual Studio 14
VisualStudioVersion = 14.0.25420.1
MinimumVisualStudioVersion = 10.0.40219.1
Project("{FAE04EC0-301F-11D3-BF4B-00C04F79EFBC}") = "Campeonato", "Campeonato\Campeonato.csproj", "{1B568E84-4615-4C8D-8D96-FF29A8B7985B}"
EndProject
Global
	GlobalSection(SolutionConfigurationPlatforms) = preSolution
		Debug|Any CPU = Debug|Any CPU
		Release|Any CPU = Release|Any CPU
	EndGlobalSection
	GlobalSection(ProjectConfigurationPlatforms) = postSolution
		{1B568E84-4615-4C8D-8D96-FF29A8B7985B}.Debug|Any CPU.ActiveCfg = Debug|Any CPU
		{1B568E84-4615-4C8D-8D96-FF29A8B7985B}.Debug|Any CPU.Build.0 = Debug|Any CPU
		{1B568E84-4615-4C8D-8D96-FF29A8B7985B}.Release|Any CPU.ActiveCfg = Release|Any CPU
		{1B568E84-4615-4C8D-8D96-FF29A8B7985B}.Release|Any CPU.Build.0 = Release|Any CPU
	EndGlobalSection
	GlobalSection(SolutionProperties) = preSolution
		HideSolutionNode = FALSE
	EndGlobalSection
EndGlobal
