
Microsoft Visual Studio Solution File, Format Version 12.00
# Visual Studio Version 16
VisualStudioVersion = 16.0.29102.190
MinimumVisualStudioVersion = 10.0.40219.1
Project("{FAE04EC0-301F-11D3-BF4B-00C04F79EFBC}") = "Academia", "Academia\Academia.csproj", "{BB05AA3E-51B6-4CE8-AEEB-257EBA8B4B96}"
EndProject
Global
	GlobalSection(SolutionConfigurationPlatforms) = preSolution
		Debug|Any CPU = Debug|Any CPU
		Release|Any CPU = Release|Any CPU
	EndGlobalSection
	GlobalSection(ProjectConfigurationPlatforms) = postSolution
		{BB05AA3E-51B6-4CE8-AEEB-257EBA8B4B96}.Debug|Any CPU.ActiveCfg = Debug|Any CPU
		{BB05AA3E-51B6-4CE8-AEEB-257EBA8B4B96}.Debug|Any CPU.Build.0 = Debug|Any CPU
		{BB05AA3E-51B6-4CE8-AEEB-257EBA8B4B96}.Release|Any CPU.ActiveCfg = Release|Any CPU
		{BB05AA3E-51B6-4CE8-AEEB-257EBA8B4B96}.Release|Any CPU.Build.0 = Release|Any CPU
	EndGlobalSection
	GlobalSection(SolutionProperties) = preSolution
		HideSolutionNode = FALSE
	EndGlobalSection
	GlobalSection(ExtensibilityGlobals) = postSolution
		SolutionGuid = {05B1A0E2-53CD-4BFE-8ECB-0382A6A18B8E}
	EndGlobalSection
EndGlobal
